
Microsoft Visual Studio Solution File, Format Version 12.00
# Visual Studio Version 16
VisualStudioVersion = 16.0.30517.126
MinimumVisualStudioVersion = 10.0.40219.1
Project("{FAE04EC0-301F-11D3-BF4B-00C04F79EFBC}") = "Chilelli_LinkedListSearch", "Chilelli_LinkedListSearch\Chilelli_LinkedListSearch.csproj", "{67287936-C4B6-4C79-9574-EFF4D9B860D6}"
EndProject
Global
	GlobalSection(SolutionConfigurationPlatforms) = preSolution
		Debug|Any CPU = Debug|Any CPU
		Release|Any CPU = Release|Any CPU
	EndGlobalSection
	GlobalSection(ProjectConfigurationPlatforms) = postSolution
		{67287936-C4B6-4C79-9574-EFF4D9B860D6}.Debug|Any CPU.ActiveCfg = Debug|Any CPU
		{67287936-C4B6-4C79-9574-EFF4D9B860D6}.Debug|Any CPU.Build.0 = Debug|Any CPU
		{67287936-C4B6-4C79-9574-EFF4D9B860D6}.Release|Any CPU.ActiveCfg = Release|Any CPU
		{67287936-C4B6-4C79-9574-EFF4D9B860D6}.Release|Any CPU.Build.0 = Release|Any CPU
	EndGlobalSection
	GlobalSection(SolutionProperties) = preSolution
		HideSolutionNode = FALSE
	EndGlobalSection
	GlobalSection(ExtensibilityGlobals) = postSolution
		SolutionGuid = {4809BCEE-85EA-421C-BE00-955480F695C5}
	EndGlobalSection
EndGlobal
